// !$*UTF8*$!
{
	archiveVersion = 1;
	classes = {
	};
	objectVersion = 55;
	objects = {

/* Begin PBXBuildFile section */
		3D131F6BE3E4541718D66715 /* Pods_SignupForm.framework in Frameworks */ = {isa = PBXBuildFile; fileRef = 39BE4F0B7E9FA916476ABC71 /* Pods_SignupForm.framework */; };
		827AFB3E287AFCF000B2876F /* FormField.swift in Sources */ = {isa = PBXBuildFile; fileRef = 827AFB3D287AFCF000B2876F /* FormField.swift */; };
		827AFB45287AFE6C00B2876F /* FormViewController.swift in Sources */ = {isa = PBXBuildFile; fileRef = 827AFB44287AFE6C00B2876F /* FormViewController.swift */; };
		827AFB48287AFF0100B2876F /* FormDemoViewController.swift in Sources */ = {isa = PBXBuildFile; fileRef = 827AFB47287AFF0100B2876F /* FormDemoViewController.swift */; };
		827AFB4B287AFFC400B2876F /* FormDataSource.swift in Sources */ = {isa = PBXBuildFile; fileRef = 827AFB4A287AFFC400B2876F /* FormDataSource.swift */; };
		827AFB4D287AFFE700B2876F /* FormSection.swift in Sources */ = {isa = PBXBuildFile; fileRef = 827AFB4C287AFFE700B2876F /* FormSection.swift */; };
		827AFB4F287B000300B2876F /* FormHeader.swift in Sources */ = {isa = PBXBuildFile; fileRef = 827AFB4E287B000300B2876F /* FormHeader.swift */; };
		827AFB51287B004900B2876F /* FieldDataSource.swift in Sources */ = {isa = PBXBuildFile; fileRef = 827AFB50287B004900B2876F /* FieldDataSource.swift */; };
		827AFB53287B00A200B2876F /* InputDataSource.swift in Sources */ = {isa = PBXBuildFile; fileRef = 827AFB52287B00A200B2876F /* InputDataSource.swift */; };
		827AFB57287B030100B2876F /* FormDemoModule.swift in Sources */ = {isa = PBXBuildFile; fileRef = 827AFB56287B030100B2876F /* FormDemoModule.swift */; };
		827AFB59287B032C00B2876F /* FormDemoViewModel.swift in Sources */ = {isa = PBXBuildFile; fileRef = 827AFB58287B032C00B2876F /* FormDemoViewModel.swift */; };
		827AFB68287B041000B2876F /* DateInputCell.swift in Sources */ = {isa = PBXBuildFile; fileRef = 827AFB65287B041000B2876F /* DateInputCell.swift */; };
		827AFB69287B041000B2876F /* DateInputFormField.swift in Sources */ = {isa = PBXBuildFile; fileRef = 827AFB66287B041000B2876F /* DateInputFormField.swift */; };
		827AFB6A287B041000B2876F /* DateInputViewModel.swift in Sources */ = {isa = PBXBuildFile; fileRef = 827AFB67287B041000B2876F /* DateInputViewModel.swift */; };
		827AFB6F287B042A00B2876F /* SelectInputViewModel.swift in Sources */ = {isa = PBXBuildFile; fileRef = 827AFB6C287B042A00B2876F /* SelectInputViewModel.swift */; };
		827AFB70287B042A00B2876F /* SelectInputFormField.swift in Sources */ = {isa = PBXBuildFile; fileRef = 827AFB6D287B042A00B2876F /* SelectInputFormField.swift */; };
		827AFB71287B042A00B2876F /* SelectInputCell.swift in Sources */ = {isa = PBXBuildFile; fileRef = 827AFB6E287B042A00B2876F /* SelectInputCell.swift */; };
		827AFB76287B043D00B2876F /* TextInputFormField.swift in Sources */ = {isa = PBXBuildFile; fileRef = 827AFB73287B043D00B2876F /* TextInputFormField.swift */; };
		827AFB77287B043D00B2876F /* TextInputViewModel.swift in Sources */ = {isa = PBXBuildFile; fileRef = 827AFB74287B043D00B2876F /* TextInputViewModel.swift */; };
		827AFB78287B043D00B2876F /* TextInputCell.swift in Sources */ = {isa = PBXBuildFile; fileRef = 827AFB75287B043D00B2876F /* TextInputCell.swift */; };
		827AFB7C287B045900B2876F /* TitleFormHeader.swift in Sources */ = {isa = PBXBuildFile; fileRef = 827AFB7A287B045900B2876F /* TitleFormHeader.swift */; };
		827AFB7D287B045900B2876F /* TitleHeaderFooterView.swift in Sources */ = {isa = PBXBuildFile; fileRef = 827AFB7B287B045900B2876F /* TitleHeaderFooterView.swift */; };
		827AFB82287B047100B2876F /* ToggleInputCell.swift in Sources */ = {isa = PBXBuildFile; fileRef = 827AFB7F287B047100B2876F /* ToggleInputCell.swift */; };
		827AFB83287B047100B2876F /* ToggleInputFormField.swift in Sources */ = {isa = PBXBuildFile; fileRef = 827AFB80287B047100B2876F /* ToggleInputFormField.swift */; };
		827AFB84287B047100B2876F /* ToggleInputViewModel.swift in Sources */ = {isa = PBXBuildFile; fileRef = 827AFB81287B047100B2876F /* ToggleInputViewModel.swift */; };
		827AFB8B287B04C300B2876F /* OpenSelectRouterInput.swift in Sources */ = {isa = PBXBuildFile; fileRef = 827AFB86287B04C300B2876F /* OpenSelectRouterInput.swift */; };
		827AFB8C287B04C300B2876F /* SelectViewController.swift in Sources */ = {isa = PBXBuildFile; fileRef = 827AFB87287B04C300B2876F /* SelectViewController.swift */; };
		827AFB8D287B04C300B2876F /* SelectableItem.swift in Sources */ = {isa = PBXBuildFile; fileRef = 827AFB88287B04C300B2876F /* SelectableItem.swift */; };
		827AFB8E287B04C300B2876F /* SelectViewModel.swift in Sources */ = {isa = PBXBuildFile; fileRef = 827AFB89287B04C300B2876F /* SelectViewModel.swift */; };
		827AFB8F287B04C300B2876F /* SelectModule.swift in Sources */ = {isa = PBXBuildFile; fileRef = 827AFB8A287B04C300B2876F /* SelectModule.swift */; };
		827AFB92287B04E500B2876F /* FormDemoRouter.swift in Sources */ = {isa = PBXBuildFile; fileRef = 827AFB91287B04E500B2876F /* FormDemoRouter.swift */; };
		827AFB96287B051000B2876F /* Province.swift in Sources */ = {isa = PBXBuildFile; fileRef = 827AFB94287B051000B2876F /* Province.swift */; };
		827AFB97287B051000B2876F /* Country.swift in Sources */ = {isa = PBXBuildFile; fileRef = 827AFB95287B051000B2876F /* Country.swift */; };
		82BA3FC2287AF9DB00CA0182 /* AppDelegate.swift in Sources */ = {isa = PBXBuildFile; fileRef = 82BA3FC1287AF9DB00CA0182 /* AppDelegate.swift */; };
		82BA3FC4287AF9DB00CA0182 /* SceneDelegate.swift in Sources */ = {isa = PBXBuildFile; fileRef = 82BA3FC3287AF9DB00CA0182 /* SceneDelegate.swift */; };
		82BA3FC6287AF9DB00CA0182 /* ViewController.swift in Sources */ = {isa = PBXBuildFile; fileRef = 82BA3FC5287AF9DB00CA0182 /* ViewController.swift */; };
		82BA3FC9287AF9DB00CA0182 /* Main.storyboard in Resources */ = {isa = PBXBuildFile; fileRef = 82BA3FC7287AF9DB00CA0182 /* Main.storyboard */; };
		82BA3FCB287AF9DC00CA0182 /* Assets.xcassets in Resources */ = {isa = PBXBuildFile; fileRef = 82BA3FCA287AF9DC00CA0182 /* Assets.xcassets */; };
		82BA3FCE287AF9DC00CA0182 /* LaunchScreen.storyboard in Resources */ = {isa = PBXBuildFile; fileRef = 82BA3FCC287AF9DC00CA0182 /* LaunchScreen.storyboard */; };
		82BA3FD9287AF9DC00CA0182 /* SignupFormTests.swift in Sources */ = {isa = PBXBuildFile; fileRef = 82BA3FD8287AF9DC00CA0182 /* SignupFormTests.swift */; };
		82BA3FE3287AF9DC00CA0182 /* SignupFormUITests.swift in Sources */ = {isa = PBXBuildFile; fileRef = 82BA3FE2287AF9DC00CA0182 /* SignupFormUITests.swift */; };
		82BA3FE5287AF9DC00CA0182 /* SignupFormUITestsLaunchTests.swift in Sources */ = {isa = PBXBuildFile; fileRef = 82BA3FE4287AF9DC00CA0182 /* SignupFormUITestsLaunchTests.swift */; };
		986F6060BDAD910F64BBE9D5 /* Pods_SignupForm_SignupFormUITests.framework in Frameworks */ = {isa = PBXBuildFile; fileRef = 70871DA4A772E73C7E3181DE /* Pods_SignupForm_SignupFormUITests.framework */; };
		B0FBEEBD9565109535EA475C /* Pods_SignupFormTests.framework in Frameworks */ = {isa = PBXBuildFile; fileRef = 4913B8E206F88A48CB388C74 /* Pods_SignupFormTests.framework */; };
/* End PBXBuildFile section */

/* Begin PBXContainerItemProxy section */
		82BA3FD5287AF9DC00CA0182 /* PBXContainerItemProxy */ = {
			isa = PBXContainerItemProxy;
			containerPortal = 82BA3FB6287AF9DB00CA0182 /* Project object */;
			proxyType = 1;
			remoteGlobalIDString = 82BA3FBD287AF9DB00CA0182;
			remoteInfo = SignupForm;
		};
		82BA3FDF287AF9DC00CA0182 /* PBXContainerItemProxy */ = {
			isa = PBXContainerItemProxy;
			containerPortal = 82BA3FB6287AF9DB00CA0182 /* Project object */;
			proxyType = 1;
			remoteGlobalIDString = 82BA3FBD287AF9DB00CA0182;
			remoteInfo = SignupForm;
		};
/* End PBXContainerItemProxy section */

/* Begin PBXFileReference section */
		2AD3E24D44D3EE6AEA6C94C6 /* Pods-SignupFormTests.release.xcconfig */ = {isa = PBXFileReference; includeInIndex = 1; lastKnownFileType = text.xcconfig; name = "Pods-SignupFormTests.release.xcconfig"; path = "Target Support Files/Pods-SignupFormTests/Pods-SignupFormTests.release.xcconfig"; sourceTree = "<group>"; };
		39BE4F0B7E9FA916476ABC71 /* Pods_SignupForm.framework */ = {isa = PBXFileReference; explicitFileType = wrapper.framework; includeInIndex = 0; path = Pods_SignupForm.framework; sourceTree = BUILT_PRODUCTS_DIR; };
		4913B8E206F88A48CB388C74 /* Pods_SignupFormTests.framework */ = {isa = PBXFileReference; explicitFileType = wrapper.framework; includeInIndex = 0; path = Pods_SignupFormTests.framework; sourceTree = BUILT_PRODUCTS_DIR; };
		4E8C5B005E398BE75229AF88 /* Pods-SignupForm.release.xcconfig */ = {isa = PBXFileReference; includeInIndex = 1; lastKnownFileType = text.xcconfig; name = "Pods-SignupForm.release.xcconfig"; path = "Target Support Files/Pods-SignupForm/Pods-SignupForm.release.xcconfig"; sourceTree = "<group>"; };
		70871DA4A772E73C7E3181DE /* Pods_SignupForm_SignupFormUITests.framework */ = {isa = PBXFileReference; explicitFileType = wrapper.framework; includeInIndex = 0; path = Pods_SignupForm_SignupFormUITests.framework; sourceTree = BUILT_PRODUCTS_DIR; };
		733EFAEC9679B5DADFDB5D9B /* Pods-SignupForm-SignupFormUITests.debug.xcconfig */ = {isa = PBXFileReference; includeInIndex = 1; lastKnownFileType = text.xcconfig; name = "Pods-SignupForm-SignupFormUITests.debug.xcconfig"; path = "Target Support Files/Pods-SignupForm-SignupFormUITests/Pods-SignupForm-SignupFormUITests.debug.xcconfig"; sourceTree = "<group>"; };
		827AFB3D287AFCF000B2876F /* FormField.swift */ = {isa = PBXFileReference; lastKnownFileType = sourcecode.swift; path = FormField.swift; sourceTree = "<group>"; };
		827AFB44287AFE6C00B2876F /* FormViewController.swift */ = {isa = PBXFileReference; lastKnownFileType = sourcecode.swift; path = FormViewController.swift; sourceTree = "<group>"; };
		827AFB47287AFF0100B2876F /* FormDemoViewController.swift */ = {isa = PBXFileReference; lastKnownFileType = sourcecode.swift; path = FormDemoViewController.swift; sourceTree = "<group>"; };
		827AFB4A287AFFC400B2876F /* FormDataSource.swift */ = {isa = PBXFileReference; lastKnownFileType = sourcecode.swift; path = FormDataSource.swift; sourceTree = "<group>"; };
		827AFB4C287AFFE700B2876F /* FormSection.swift */ = {isa = PBXFileReference; lastKnownFileType = sourcecode.swift; path = FormSection.swift; sourceTree = "<group>"; };
		827AFB4E287B000300B2876F /* FormHeader.swift */ = {isa = PBXFileReference; lastKnownFileType = sourcecode.swift; path = FormHeader.swift; sourceTree = "<group>"; };
		827AFB50287B004900B2876F /* FieldDataSource.swift */ = {isa = PBXFileReference; lastKnownFileType = sourcecode.swift; path = FieldDataSource.swift; sourceTree = "<group>"; };
		827AFB52287B00A200B2876F /* InputDataSource.swift */ = {isa = PBXFileReference; lastKnownFileType = sourcecode.swift; path = InputDataSource.swift; sourceTree = "<group>"; };
		827AFB56287B030100B2876F /* FormDemoModule.swift */ = {isa = PBXFileReference; lastKnownFileType = sourcecode.swift; path = FormDemoModule.swift; sourceTree = "<group>"; };
		827AFB58287B032C00B2876F /* FormDemoViewModel.swift */ = {isa = PBXFileReference; lastKnownFileType = sourcecode.swift; path = FormDemoViewModel.swift; sourceTree = "<group>"; };
		827AFB65287B041000B2876F /* DateInputCell.swift */ = {isa = PBXFileReference; fileEncoding = 4; lastKnownFileType = sourcecode.swift; path = DateInputCell.swift; sourceTree = "<group>"; };
		827AFB66287B041000B2876F /* DateInputFormField.swift */ = {isa = PBXFileReference; fileEncoding = 4; lastKnownFileType = sourcecode.swift; path = DateInputFormField.swift; sourceTree = "<group>"; };
		827AFB67287B041000B2876F /* DateInputViewModel.swift */ = {isa = PBXFileReference; fileEncoding = 4; lastKnownFileType = sourcecode.swift; path = DateInputViewModel.swift; sourceTree = "<group>"; };
		827AFB6C287B042A00B2876F /* SelectInputViewModel.swift */ = {isa = PBXFileReference; fileEncoding = 4; lastKnownFileType = sourcecode.swift; path = SelectInputViewModel.swift; sourceTree = "<group>"; };
		827AFB6D287B042A00B2876F /* SelectInputFormField.swift */ = {isa = PBXFileReference; fileEncoding = 4; lastKnownFileType = sourcecode.swift; path = SelectInputFormField.swift; sourceTree = "<group>"; };
		827AFB6E287B042A00B2876F /* SelectInputCell.swift */ = {isa = PBXFileReference; fileEncoding = 4; lastKnownFileType = sourcecode.swift; path = SelectInputCell.swift; sourceTree = "<group>"; };
		827AFB73287B043D00B2876F /* TextInputFormField.swift */ = {isa = PBXFileReference; fileEncoding = 4; lastKnownFileType = sourcecode.swift; path = TextInputFormField.swift; sourceTree = "<group>"; };
		827AFB74287B043D00B2876F /* TextInputViewModel.swift */ = {isa = PBXFileReference; fileEncoding = 4; lastKnownFileType = sourcecode.swift; path = TextInputViewModel.swift; sourceTree = "<group>"; };
		827AFB75287B043D00B2876F /* TextInputCell.swift */ = {isa = PBXFileReference; fileEncoding = 4; lastKnownFileType = sourcecode.swift; path = TextInputCell.swift; sourceTree = "<group>"; };
		827AFB7A287B045900B2876F /* TitleFormHeader.swift */ = {isa = PBXFileReference; fileEncoding = 4; lastKnownFileType = sourcecode.swift; path = TitleFormHeader.swift; sourceTree = "<group>"; };
		827AFB7B287B045900B2876F /* TitleHeaderFooterView.swift */ = {isa = PBXFileReference; fileEncoding = 4; lastKnownFileType = sourcecode.swift; path = TitleHeaderFooterView.swift; sourceTree = "<group>"; };
		827AFB7F287B047100B2876F /* ToggleInputCell.swift */ = {isa = PBXFileReference; fileEncoding = 4; lastKnownFileType = sourcecode.swift; path = ToggleInputCell.swift; sourceTree = "<group>"; };
		827AFB80287B047100B2876F /* ToggleInputFormField.swift */ = {isa = PBXFileReference; fileEncoding = 4; lastKnownFileType = sourcecode.swift; path = ToggleInputFormField.swift; sourceTree = "<group>"; };
		827AFB81287B047100B2876F /* ToggleInputViewModel.swift */ = {isa = PBXFileReference; fileEncoding = 4; lastKnownFileType = sourcecode.swift; path = ToggleInputViewModel.swift; sourceTree = "<group>"; };
		827AFB86287B04C300B2876F /* OpenSelectRouterInput.swift */ = {isa = PBXFileReference; fileEncoding = 4; lastKnownFileType = sourcecode.swift; path = OpenSelectRouterInput.swift; sourceTree = "<group>"; };
		827AFB87287B04C300B2876F /* SelectViewController.swift */ = {isa = PBXFileReference; fileEncoding = 4; lastKnownFileType = sourcecode.swift; path = SelectViewController.swift; sourceTree = "<group>"; };
		827AFB88287B04C300B2876F /* SelectableItem.swift */ = {isa = PBXFileReference; fileEncoding = 4; lastKnownFileType = sourcecode.swift; path = SelectableItem.swift; sourceTree = "<group>"; };
		827AFB89287B04C300B2876F /* SelectViewModel.swift */ = {isa = PBXFileReference; fileEncoding = 4; lastKnownFileType = sourcecode.swift; path = SelectViewModel.swift; sourceTree = "<group>"; };
		827AFB8A287B04C300B2876F /* SelectModule.swift */ = {isa = PBXFileReference; fileEncoding = 4; lastKnownFileType = sourcecode.swift; path = SelectModule.swift; sourceTree = "<group>"; };
		827AFB91287B04E500B2876F /* FormDemoRouter.swift */ = {isa = PBXFileReference; fileEncoding = 4; lastKnownFileType = sourcecode.swift; path = FormDemoRouter.swift; sourceTree = "<group>"; };
		827AFB94287B051000B2876F /* Province.swift */ = {isa = PBXFileReference; fileEncoding = 4; lastKnownFileType = sourcecode.swift; path = Province.swift; sourceTree = "<group>"; };
		827AFB95287B051000B2876F /* Country.swift */ = {isa = PBXFileReference; fileEncoding = 4; lastKnownFileType = sourcecode.swift; path = Country.swift; sourceTree = "<group>"; };
		82BA3FBE287AF9DB00CA0182 /* SignupForm.app */ = {isa = PBXFileReference; explicitFileType = wrapper.application; includeInIndex = 0; path = SignupForm.app; sourceTree = BUILT_PRODUCTS_DIR; };
		82BA3FC1287AF9DB00CA0182 /* AppDelegate.swift */ = {isa = PBXFileReference; lastKnownFileType = sourcecode.swift; path = AppDelegate.swift; sourceTree = "<group>"; };
		82BA3FC3287AF9DB00CA0182 /* SceneDelegate.swift */ = {isa = PBXFileReference; lastKnownFileType = sourcecode.swift; path = SceneDelegate.swift; sourceTree = "<group>"; };
		82BA3FC5287AF9DB00CA0182 /* ViewController.swift */ = {isa = PBXFileReference; lastKnownFileType = sourcecode.swift; path = ViewController.swift; sourceTree = "<group>"; };
		82BA3FC8287AF9DB00CA0182 /* Base */ = {isa = PBXFileReference; lastKnownFileType = file.storyboard; name = Base; path = Base.lproj/Main.storyboard; sourceTree = "<group>"; };
		82BA3FCA287AF9DC00CA0182 /* Assets.xcassets */ = {isa = PBXFileReference; lastKnownFileType = folder.assetcatalog; path = Assets.xcassets; sourceTree = "<group>"; };
		82BA3FCD287AF9DC00CA0182 /* Base */ = {isa = PBXFileReference; lastKnownFileType = file.storyboard; name = Base; path = Base.lproj/LaunchScreen.storyboard; sourceTree = "<group>"; };
		82BA3FCF287AF9DC00CA0182 /* Info.plist */ = {isa = PBXFileReference; lastKnownFileType = text.plist.xml; path = Info.plist; sourceTree = "<group>"; };
		82BA3FD4287AF9DC00CA0182 /* SignupFormTests.xctest */ = {isa = PBXFileReference; explicitFileType = wrapper.cfbundle; includeInIndex = 0; path = SignupFormTests.xctest; sourceTree = BUILT_PRODUCTS_DIR; };
		82BA3FD8287AF9DC00CA0182 /* SignupFormTests.swift */ = {isa = PBXFileReference; lastKnownFileType = sourcecode.swift; path = SignupFormTests.swift; sourceTree = "<group>"; };
		82BA3FDE287AF9DC00CA0182 /* SignupFormUITests.xctest */ = {isa = PBXFileReference; explicitFileType = wrapper.cfbundle; includeInIndex = 0; path = SignupFormUITests.xctest; sourceTree = BUILT_PRODUCTS_DIR; };
		82BA3FE2287AF9DC00CA0182 /* SignupFormUITests.swift */ = {isa = PBXFileReference; lastKnownFileType = sourcecode.swift; path = SignupFormUITests.swift; sourceTree = "<group>"; };
		82BA3FE4287AF9DC00CA0182 /* SignupFormUITestsLaunchTests.swift */ = {isa = PBXFileReference; lastKnownFileType = sourcecode.swift; path = SignupFormUITestsLaunchTests.swift; sourceTree = "<group>"; };
		9B1CC764F6E13546A5378731 /* Pods-SignupForm.debug.xcconfig */ = {isa = PBXFileReference; includeInIndex = 1; lastKnownFileType = text.xcconfig; name = "Pods-SignupForm.debug.xcconfig"; path = "Target Support Files/Pods-SignupForm/Pods-SignupForm.debug.xcconfig"; sourceTree = "<group>"; };
		A9D1C96FCD7E5EE0FA2303EB /* Pods-SignupForm-SignupFormUITests.release.xcconfig */ = {isa = PBXFileReference; includeInIndex = 1; lastKnownFileType = text.xcconfig; name = "Pods-SignupForm-SignupFormUITests.release.xcconfig"; path = "Target Support Files/Pods-SignupForm-SignupFormUITests/Pods-SignupForm-SignupFormUITests.release.xcconfig"; sourceTree = "<group>"; };
		DB873FD0161DBADCCD4ADAB7 /* Pods-SignupFormTests.debug.xcconfig */ = {isa = PBXFileReference; includeInIndex = 1; lastKnownFileType = text.xcconfig; name = "Pods-SignupFormTests.debug.xcconfig"; path = "Target Support Files/Pods-SignupFormTests/Pods-SignupFormTests.debug.xcconfig"; sourceTree = "<group>"; };
/* End PBXFileReference section */

/* Begin PBXFrameworksBuildPhase section */
		82BA3FBB287AF9DB00CA0182 /* Frameworks */ = {
			isa = PBXFrameworksBuildPhase;
			buildActionMask = 2147483647;
			files = (
				3D131F6BE3E4541718D66715 /* Pods_SignupForm.framework in Frameworks */,
			);
			runOnlyForDeploymentPostprocessing = 0;
		};
		82BA3FD1287AF9DC00CA0182 /* Frameworks */ = {
			isa = PBXFrameworksBuildPhase;
			buildActionMask = 2147483647;
			files = (
				B0FBEEBD9565109535EA475C /* Pods_SignupFormTests.framework in Frameworks */,
			);
			runOnlyForDeploymentPostprocessing = 0;
		};
		82BA3FDB287AF9DC00CA0182 /* Frameworks */ = {
			isa = PBXFrameworksBuildPhase;
			buildActionMask = 2147483647;
			files = (
				986F6060BDAD910F64BBE9D5 /* Pods_SignupForm_SignupFormUITests.framework in Frameworks */,
			);
			runOnlyForDeploymentPostprocessing = 0;
		};
/* End PBXFrameworksBuildPhase section */

/* Begin PBXGroup section */
		21D4DB704E4671547DDF3D36 /* Pods */ = {
			isa = PBXGroup;
			children = (
				9B1CC764F6E13546A5378731 /* Pods-SignupForm.debug.xcconfig */,
				4E8C5B005E398BE75229AF88 /* Pods-SignupForm.release.xcconfig */,
				733EFAEC9679B5DADFDB5D9B /* Pods-SignupForm-SignupFormUITests.debug.xcconfig */,
				A9D1C96FCD7E5EE0FA2303EB /* Pods-SignupForm-SignupFormUITests.release.xcconfig */,
				DB873FD0161DBADCCD4ADAB7 /* Pods-SignupFormTests.debug.xcconfig */,
				2AD3E24D44D3EE6AEA6C94C6 /* Pods-SignupFormTests.release.xcconfig */,
			);
			path = Pods;
			sourceTree = "<group>";
		};
		827AFB3C287AFCCF00B2876F /* Utilities */ = {
			isa = PBXGroup;
			children = (
				827AFB49287AFFAF00B2876F /* DataSource */,
				827AFB3D287AFCF000B2876F /* FormField.swift */,
				827AFB44287AFE6C00B2876F /* FormViewController.swift */,
				827AFB4C287AFFE700B2876F /* FormSection.swift */,
				827AFB4E287B000300B2876F /* FormHeader.swift */,
			);
			path = Utilities;
			sourceTree = "<group>";
		};
		827AFB3F287AFD4400B2876F /* Views */ = {
			isa = PBXGroup;
			children = (
				827AFB7E287B046B00B2876F /* ToggleInputCell */,
				827AFB79287B045100B2876F /* TitleHeader */,
				827AFB72287B043700B2876F /* TextInputCell */,
				827AFB6B287B042200B2876F /* SelectInputCell */,
				827AFB64287B03FF00B2876F /* DateInputCell */,
			);
			path = Views;
			sourceTree = "<group>";
		};
		827AFB46287AFEEB00B2876F /* Modules */ = {
			isa = PBXGroup;
			children = (
				827AFB90287B04C900B2876F /* Form */,
				827AFB85287B04B700B2876F /* Select */,
			);
			path = Modules;
			sourceTree = "<group>";
		};
		827AFB49287AFFAF00B2876F /* DataSource */ = {
			isa = PBXGroup;
			children = (
				827AFB4A287AFFC400B2876F /* FormDataSource.swift */,
				827AFB50287B004900B2876F /* FieldDataSource.swift */,
				827AFB52287B00A200B2876F /* InputDataSource.swift */,
			);
			path = DataSource;
			sourceTree = "<group>";
		};
		827AFB64287B03FF00B2876F /* DateInputCell */ = {
			isa = PBXGroup;
			children = (
				827AFB65287B041000B2876F /* DateInputCell.swift */,
				827AFB66287B041000B2876F /* DateInputFormField.swift */,
				827AFB67287B041000B2876F /* DateInputViewModel.swift */,
			);
			path = DateInputCell;
			sourceTree = "<group>";
		};
		827AFB6B287B042200B2876F /* SelectInputCell */ = {
			isa = PBXGroup;
			children = (
				827AFB6E287B042A00B2876F /* SelectInputCell.swift */,
				827AFB6D287B042A00B2876F /* SelectInputFormField.swift */,
				827AFB6C287B042A00B2876F /* SelectInputViewModel.swift */,
			);
			path = SelectInputCell;
			sourceTree = "<group>";
		};
		827AFB72287B043700B2876F /* TextInputCell */ = {
			isa = PBXGroup;
			children = (
				827AFB75287B043D00B2876F /* TextInputCell.swift */,
				827AFB73287B043D00B2876F /* TextInputFormField.swift */,
				827AFB74287B043D00B2876F /* TextInputViewModel.swift */,
			);
			path = TextInputCell;
			sourceTree = "<group>";
		};
		827AFB79287B045100B2876F /* TitleHeader */ = {
			isa = PBXGroup;
			children = (
				827AFB7A287B045900B2876F /* TitleFormHeader.swift */,
				827AFB7B287B045900B2876F /* TitleHeaderFooterView.swift */,
			);
			path = TitleHeader;
			sourceTree = "<group>";
		};
		827AFB7E287B046B00B2876F /* ToggleInputCell */ = {
			isa = PBXGroup;
			children = (
				827AFB7F287B047100B2876F /* ToggleInputCell.swift */,
				827AFB80287B047100B2876F /* ToggleInputFormField.swift */,
				827AFB81287B047100B2876F /* ToggleInputViewModel.swift */,
			);
			path = ToggleInputCell;
			sourceTree = "<group>";
		};
		827AFB85287B04B700B2876F /* Select */ = {
			isa = PBXGroup;
			children = (
				827AFB86287B04C300B2876F /* OpenSelectRouterInput.swift */,
				827AFB88287B04C300B2876F /* SelectableItem.swift */,
				827AFB8A287B04C300B2876F /* SelectModule.swift */,
				827AFB87287B04C300B2876F /* SelectViewController.swift */,
				827AFB89287B04C300B2876F /* SelectViewModel.swift */,
			);
			path = Select;
			sourceTree = "<group>";
		};
		827AFB90287B04C900B2876F /* Form */ = {
			isa = PBXGroup;
			children = (
				827AFB56287B030100B2876F /* FormDemoModule.swift */,
				827AFB47287AFF0100B2876F /* FormDemoViewController.swift */,
				827AFB91287B04E500B2876F /* FormDemoRouter.swift */,
				827AFB58287B032C00B2876F /* FormDemoViewModel.swift */,
			);
			path = Form;
			sourceTree = "<group>";
		};
		827AFB93287B04FC00B2876F /* Models */ = {
			isa = PBXGroup;
			children = (
				827AFB95287B051000B2876F /* Country.swift */,
				827AFB94287B051000B2876F /* Province.swift */,
			);
			path = Models;
			sourceTree = "<group>";
		};
		82BA3FB5287AF9DB00CA0182 = {
			isa = PBXGroup;
			children = (
				82BA3FC0287AF9DB00CA0182 /* SignupForm */,
				82BA3FD7287AF9DC00CA0182 /* SignupFormTests */,
				82BA3FE1287AF9DC00CA0182 /* SignupFormUITests */,
				82BA3FBF287AF9DB00CA0182 /* Products */,
				21D4DB704E4671547DDF3D36 /* Pods */,
				8B998AAD2F41BA6F8A2943EC /* Frameworks */,
			);
			sourceTree = "<group>";
		};
		82BA3FBF287AF9DB00CA0182 /* Products */ = {
			isa = PBXGroup;
			children = (
				82BA3FBE287AF9DB00CA0182 /* SignupForm.app */,
				82BA3FD4287AF9DC00CA0182 /* SignupFormTests.xctest */,
				82BA3FDE287AF9DC00CA0182 /* SignupFormUITests.xctest */,
			);
			name = Products;
			sourceTree = "<group>";
		};
		82BA3FC0287AF9DB00CA0182 /* SignupForm */ = {
			isa = PBXGroup;
			children = (
				827AFB93287B04FC00B2876F /* Models */,
				827AFB46287AFEEB00B2876F /* Modules */,
				827AFB3F287AFD4400B2876F /* Views */,
				827AFB3C287AFCCF00B2876F /* Utilities */,
				82BA3FC1287AF9DB00CA0182 /* AppDelegate.swift */,
				82BA3FC3287AF9DB00CA0182 /* SceneDelegate.swift */,
				82BA3FC5287AF9DB00CA0182 /* ViewController.swift */,
				82BA3FC7287AF9DB00CA0182 /* Main.storyboard */,
				82BA3FCA287AF9DC00CA0182 /* Assets.xcassets */,
				82BA3FCC287AF9DC00CA0182 /* LaunchScreen.storyboard */,
				82BA3FCF287AF9DC00CA0182 /* Info.plist */,
			);
			path = SignupForm;
			sourceTree = "<group>";
		};
		82BA3FD7287AF9DC00CA0182 /* SignupFormTests */ = {
			isa = PBXGroup;
			children = (
				82BA3FD8287AF9DC00CA0182 /* SignupFormTests.swift */,
			);
			path = SignupFormTests;
			sourceTree = "<group>";
		};
		82BA3FE1287AF9DC00CA0182 /* SignupFormUITests */ = {
			isa = PBXGroup;
			children = (
				82BA3FE2287AF9DC00CA0182 /* SignupFormUITests.swift */,
				82BA3FE4287AF9DC00CA0182 /* SignupFormUITestsLaunchTests.swift */,
			);
			path = SignupFormUITests;
			sourceTree = "<group>";
		};
		8B998AAD2F41BA6F8A2943EC /* Frameworks */ = {
			isa = PBXGroup;
			children = (
				39BE4F0B7E9FA916476ABC71 /* Pods_SignupForm.framework */,
				70871DA4A772E73C7E3181DE /* Pods_SignupForm_SignupFormUITests.framework */,
				4913B8E206F88A48CB388C74 /* Pods_SignupFormTests.framework */,
			);
			name = Frameworks;
			sourceTree = "<group>";
		};
/* End PBXGroup section */

/* Begin PBXNativeTarget section */
		82BA3FBD287AF9DB00CA0182 /* SignupForm */ = {
			isa = PBXNativeTarget;
			buildConfigurationList = 82BA3FE8287AF9DC00CA0182 /* Build configuration list for PBXNativeTarget "SignupForm" */;
			buildPhases = (
				246B2651DDD9DD8920A800AA /* [CP] Check Pods Manifest.lock */,
				82BA3FBA287AF9DB00CA0182 /* Sources */,
				82BA3FBB287AF9DB00CA0182 /* Frameworks */,
				82BA3FBC287AF9DB00CA0182 /* Resources */,
				BA763783522D6E3A1EA9AF04 /* [CP] Embed Pods Frameworks */,
			);
			buildRules = (
			);
			dependencies = (
			);
			name = SignupForm;
			productName = SignupForm;
			productReference = 82BA3FBE287AF9DB00CA0182 /* SignupForm.app */;
			productType = "com.apple.product-type.application";
		};
		82BA3FD3287AF9DC00CA0182 /* SignupFormTests */ = {
			isa = PBXNativeTarget;
			buildConfigurationList = 82BA3FEB287AF9DC00CA0182 /* Build configuration list for PBXNativeTarget "SignupFormTests" */;
			buildPhases = (
				6E719A42A03D41AA4509AA8D /* [CP] Check Pods Manifest.lock */,
				82BA3FD0287AF9DC00CA0182 /* Sources */,
				82BA3FD1287AF9DC00CA0182 /* Frameworks */,
				82BA3FD2287AF9DC00CA0182 /* Resources */,
			);
			buildRules = (
			);
			dependencies = (
				82BA3FD6287AF9DC00CA0182 /* PBXTargetDependency */,
			);
			name = SignupFormTests;
			productName = SignupFormTests;
			productReference = 82BA3FD4287AF9DC00CA0182 /* SignupFormTests.xctest */;
			productType = "com.apple.product-type.bundle.unit-test";
		};
		82BA3FDD287AF9DC00CA0182 /* SignupFormUITests */ = {
			isa = PBXNativeTarget;
			buildConfigurationList = 82BA3FEE287AF9DC00CA0182 /* Build configuration list for PBXNativeTarget "SignupFormUITests" */;
			buildPhases = (
				F97D6BEE630DA0FA1A82ECA4 /* [CP] Check Pods Manifest.lock */,
				82BA3FDA287AF9DC00CA0182 /* Sources */,
				82BA3FDB287AF9DC00CA0182 /* Frameworks */,
				82BA3FDC287AF9DC00CA0182 /* Resources */,
				0B299A8ADA835A0DC6E528E6 /* [CP] Embed Pods Frameworks */,
			);
			buildRules = (
			);
			dependencies = (
				82BA3FE0287AF9DC00CA0182 /* PBXTargetDependency */,
			);
			name = SignupFormUITests;
			productName = SignupFormUITests;
			productReference = 82BA3FDE287AF9DC00CA0182 /* SignupFormUITests.xctest */;
			productType = "com.apple.product-type.bundle.ui-testing";
		};
/* End PBXNativeTarget section */

/* Begin PBXProject section */
		82BA3FB6287AF9DB00CA0182 /* Project object */ = {
			isa = PBXProject;
			attributes = {
				BuildIndependentTargetsInParallel = 1;
				LastSwiftUpdateCheck = 1330;
				LastUpgradeCheck = 1330;
				TargetAttributes = {
					82BA3FBD287AF9DB00CA0182 = {
						CreatedOnToolsVersion = 13.3;
					};
					82BA3FD3287AF9DC00CA0182 = {
						CreatedOnToolsVersion = 13.3;
						TestTargetID = 82BA3FBD287AF9DB00CA0182;
					};
					82BA3FDD287AF9DC00CA0182 = {
						CreatedOnToolsVersion = 13.3;
						TestTargetID = 82BA3FBD287AF9DB00CA0182;
					};
				};
			};
			buildConfigurationList = 82BA3FB9287AF9DB00CA0182 /* Build configuration list for PBXProject "SignupForm" */;
			compatibilityVersion = "Xcode 13.0";
			developmentRegion = en;
			hasScannedForEncodings = 0;
			knownRegions = (
				en,
				Base,
			);
			mainGroup = 82BA3FB5287AF9DB00CA0182;
			productRefGroup = 82BA3FBF287AF9DB00CA0182 /* Products */;
			projectDirPath = "";
			projectRoot = "";
			targets = (
				82BA3FBD287AF9DB00CA0182 /* SignupForm */,
				82BA3FD3287AF9DC00CA0182 /* SignupFormTests */,
				82BA3FDD287AF9DC00CA0182 /* SignupFormUITests */,
			);
		};
/* End PBXProject section */

/* Begin PBXResourcesBuildPhase section */
		82BA3FBC287AF9DB00CA0182 /* Resources */ = {
			isa = PBXResourcesBuildPhase;
			buildActionMask = 2147483647;
			files = (
				82BA3FCE287AF9DC00CA0182 /* LaunchScreen.storyboard in Resources */,
				82BA3FCB287AF9DC00CA0182 /* Assets.xcassets in Resources */,
				82BA3FC9287AF9DB00CA0182 /* Main.storyboard in Resources */,
			);
			runOnlyForDeploymentPostprocessing = 0;
		};
		82BA3FD2287AF9DC00CA0182 /* Resources */ = {
			isa = PBXResourcesBuildPhase;
			buildActionMask = 2147483647;
			files = (
			);
			runOnlyForDeploymentPostprocessing = 0;
		};
		82BA3FDC287AF9DC00CA0182 /* Resources */ = {
			isa = PBXResourcesBuildPhase;
			buildActionMask = 2147483647;
			files = (
			);
			runOnlyForDeploymentPostprocessing = 0;
		};
/* End PBXResourcesBuildPhase section */

/* Begin PBXShellScriptBuildPhase section */
		0B299A8ADA835A0DC6E528E6 /* [CP] Embed Pods Frameworks */ = {
			isa = PBXShellScriptBuildPhase;
			buildActionMask = 2147483647;
			files = (
			);
			inputFileListPaths = (
				"${PODS_ROOT}/Target Support Files/Pods-SignupForm-SignupFormUITests/Pods-SignupForm-SignupFormUITests-frameworks-${CONFIGURATION}-input-files.xcfilelist",
			);
			name = "[CP] Embed Pods Frameworks";
			outputFileListPaths = (
				"${PODS_ROOT}/Target Support Files/Pods-SignupForm-SignupFormUITests/Pods-SignupForm-SignupFormUITests-frameworks-${CONFIGURATION}-output-files.xcfilelist",
			);
			runOnlyForDeploymentPostprocessing = 0;
			shellPath = /bin/sh;
			shellScript = "\"${PODS_ROOT}/Target Support Files/Pods-SignupForm-SignupFormUITests/Pods-SignupForm-SignupFormUITests-frameworks.sh\"\n";
			showEnvVarsInLog = 0;
		};
		246B2651DDD9DD8920A800AA /* [CP] Check Pods Manifest.lock */ = {
			isa = PBXShellScriptBuildPhase;
			buildActionMask = 2147483647;
			files = (
			);
			inputFileListPaths = (
			);
			inputPaths = (
				"${PODS_PODFILE_DIR_PATH}/Podfile.lock",
				"${PODS_ROOT}/Manifest.lock",
			);
			name = "[CP] Check Pods Manifest.lock";
			outputFileListPaths = (
			);
			outputPaths = (
				"$(DERIVED_FILE_DIR)/Pods-SignupForm-checkManifestLockResult.txt",
			);
			runOnlyForDeploymentPostprocessing = 0;
			shellPath = /bin/sh;
			shellScript = "diff \"${PODS_PODFILE_DIR_PATH}/Podfile.lock\" \"${PODS_ROOT}/Manifest.lock\" > /dev/null\nif [ $? != 0 ] ; then\n    # print error to STDERR\n    echo \"error: The sandbox is not in sync with the Podfile.lock. Run 'pod install' or update your CocoaPods installation.\" >&2\n    exit 1\nfi\n# This output is used by Xcode 'outputs' to avoid re-running this script phase.\necho \"SUCCESS\" > \"${SCRIPT_OUTPUT_FILE_0}\"\n";
			showEnvVarsInLog = 0;
		};
		6E719A42A03D41AA4509AA8D /* [CP] Check Pods Manifest.lock */ = {
			isa = PBXShellScriptBuildPhase;
			buildActionMask = 2147483647;
			files = (
			);
			inputFileListPaths = (
			);
			inputPaths = (
				"${PODS_PODFILE_DIR_PATH}/Podfile.lock",
				"${PODS_ROOT}/Manifest.lock",
			);
			name = "[CP] Check Pods Manifest.lock";
			outputFileListPaths = (
			);
			outputPaths = (
				"$(DERIVED_FILE_DIR)/Pods-SignupFormTests-checkManifestLockResult.txt",
			);
			runOnlyForDeploymentPostprocessing = 0;
			shellPath = /bin/sh;
			shellScript = "diff \"${PODS_PODFILE_DIR_PATH}/Podfile.lock\" \"${PODS_ROOT}/Manifest.lock\" > /dev/null\nif [ $? != 0 ] ; then\n    # print error to STDERR\n    echo \"error: The sandbox is not in sync with the Podfile.lock. Run 'pod install' or update your CocoaPods installation.\" >&2\n    exit 1\nfi\n# This output is used by Xcode 'outputs' to avoid re-running this script phase.\necho \"SUCCESS\" > \"${SCRIPT_OUTPUT_FILE_0}\"\n";
			showEnvVarsInLog = 0;
		};
		BA763783522D6E3A1EA9AF04 /* [CP] Embed Pods Frameworks */ = {
			isa = PBXShellScriptBuildPhase;
			buildActionMask = 2147483647;
			files = (
			);
			inputFileListPaths = (
				"${PODS_ROOT}/Target Support Files/Pods-SignupForm/Pods-SignupForm-frameworks-${CONFIGURATION}-input-files.xcfilelist",
			);
			name = "[CP] Embed Pods Frameworks";
			outputFileListPaths = (
				"${PODS_ROOT}/Target Support Files/Pods-SignupForm/Pods-SignupForm-frameworks-${CONFIGURATION}-output-files.xcfilelist",
			);
			runOnlyForDeploymentPostprocessing = 0;
			shellPath = /bin/sh;
			shellScript = "\"${PODS_ROOT}/Target Support Files/Pods-SignupForm/Pods-SignupForm-frameworks.sh\"\n";
			showEnvVarsInLog = 0;
		};
		F97D6BEE630DA0FA1A82ECA4 /* [CP] Check Pods Manifest.lock */ = {
			isa = PBXShellScriptBuildPhase;
			buildActionMask = 2147483647;
			files = (
			);
			inputFileListPaths = (
			);
			inputPaths = (
				"${PODS_PODFILE_DIR_PATH}/Podfile.lock",
				"${PODS_ROOT}/Manifest.lock",
			);
			name = "[CP] Check Pods Manifest.lock";
			outputFileListPaths = (
			);
			outputPaths = (
				"$(DERIVED_FILE_DIR)/Pods-SignupForm-SignupFormUITests-checkManifestLockResult.txt",
			);
			runOnlyForDeploymentPostprocessing = 0;
			shellPath = /bin/sh;
			shellScript = "diff \"${PODS_PODFILE_DIR_PATH}/Podfile.lock\" \"${PODS_ROOT}/Manifest.lock\" > /dev/null\nif [ $? != 0 ] ; then\n    # print error to STDERR\n    echo \"error: The sandbox is not in sync with the Podfile.lock. Run 'pod install' or update your CocoaPods installation.\" >&2\n    exit 1\nfi\n# This output is used by Xcode 'outputs' to avoid re-running this script phase.\necho \"SUCCESS\" > \"${SCRIPT_OUTPUT_FILE_0}\"\n";
			showEnvVarsInLog = 0;
		};
/* End PBXShellScriptBuildPhase section */

/* Begin PBXSourcesBuildPhase section */
		82BA3FBA287AF9DB00CA0182 /* Sources */ = {
			isa = PBXSourcesBuildPhase;
			buildActionMask = 2147483647;
			files = (
				827AFB82287B047100B2876F /* ToggleInputCell.swift in Sources */,
				827AFB83287B047100B2876F /* ToggleInputFormField.swift in Sources */,
				827AFB6F287B042A00B2876F /* SelectInputViewModel.swift in Sources */,
				827AFB70287B042A00B2876F /* SelectInputFormField.swift in Sources */,
				82BA3FC6287AF9DB00CA0182 /* ViewController.swift in Sources */,
				827AFB57287B030100B2876F /* FormDemoModule.swift in Sources */,
				827AFB4D287AFFE700B2876F /* FormSection.swift in Sources */,
				82BA3FC2287AF9DB00CA0182 /* AppDelegate.swift in Sources */,
				827AFB8D287B04C300B2876F /* SelectableItem.swift in Sources */,
				827AFB68287B041000B2876F /* DateInputCell.swift in Sources */,
				827AFB7C287B045900B2876F /* TitleFormHeader.swift in Sources */,
				827AFB53287B00A200B2876F /* InputDataSource.swift in Sources */,
				827AFB45287AFE6C00B2876F /* FormViewController.swift in Sources */,
				827AFB78287B043D00B2876F /* TextInputCell.swift in Sources */,
				827AFB8C287B04C300B2876F /* SelectViewController.swift in Sources */,
				827AFB7D287B045900B2876F /* TitleHeaderFooterView.swift in Sources */,
				827AFB77287B043D00B2876F /* TextInputViewModel.swift in Sources */,
				827AFB84287B047100B2876F /* ToggleInputViewModel.swift in Sources */,
				827AFB69287B041000B2876F /* DateInputFormField.swift in Sources */,
				827AFB8F287B04C300B2876F /* SelectModule.swift in Sources */,
				827AFB71287B042A00B2876F /* SelectInputCell.swift in Sources */,
				827AFB59287B032C00B2876F /* FormDemoViewModel.swift in Sources */,
				827AFB76287B043D00B2876F /* TextInputFormField.swift in Sources */,
				827AFB3E287AFCF000B2876F /* FormField.swift in Sources */,
				827AFB8B287B04C300B2876F /* OpenSelectRouterInput.swift in Sources */,
				827AFB4F287B000300B2876F /* FormHeader.swift in Sources */,
				82BA3FC4287AF9DB00CA0182 /* SceneDelegate.swift in Sources */,
				827AFB48287AFF0100B2876F /* FormDemoViewController.swift in Sources */,
				827AFB97287B051000B2876F /* Country.swift in Sources */,
				827AFB6A287B041000B2876F /* DateInputViewModel.swift in Sources */,
				827AFB4B287AFFC400B2876F /* FormDataSource.swift in Sources */,
				827AFB51287B004900B2876F /* FieldDataSource.swift in Sources */,
				827AFB96287B051000B2876F /* Province.swift in Sources */,
				827AFB8E287B04C300B2876F /* SelectViewModel.swift in Sources */,
				827AFB92287B04E500B2876F /* FormDemoRouter.swift in Sources */,
			);
			runOnlyForDeploymentPostprocessing = 0;
		};
		82BA3FD0287AF9DC00CA0182 /* Sources */ = {
			isa = PBXSourcesBuildPhase;
			buildActionMask = 2147483647;
			files = (
				82BA3FD9287AF9DC00CA0182 /* SignupFormTests.swift in Sources */,
			);
			runOnlyForDeploymentPostprocessing = 0;
		};
		82BA3FDA287AF9DC00CA0182 /* Sources */ = {
			isa = PBXSourcesBuildPhase;
			buildActionMask = 2147483647;
			files = (
				82BA3FE5287AF9DC00CA0182 /* SignupFormUITestsLaunchTests.swift in Sources */,
				82BA3FE3287AF9DC00CA0182 /* SignupFormUITests.swift in Sources */,
			);
			runOnlyForDeploymentPostprocessing = 0;
		};
/* End PBXSourcesBuildPhase section */

/* Begin PBXTargetDependency section */
		82BA3FD6287AF9DC00CA0182 /* PBXTargetDependency */ = {
			isa = PBXTargetDependency;
			target = 82BA3FBD287AF9DB00CA0182 /* SignupForm */;
			targetProxy = 82BA3FD5287AF9DC00CA0182 /* PBXContainerItemProxy */;
		};
		82BA3FE0287AF9DC00CA0182 /* PBXTargetDependency */ = {
			isa = PBXTargetDependency;
			target = 82BA3FBD287AF9DB00CA0182 /* SignupForm */;
			targetProxy = 82BA3FDF287AF9DC00CA0182 /* PBXContainerItemProxy */;
		};
/* End PBXTargetDependency section */

/* Begin PBXVariantGroup section */
		82BA3FC7287AF9DB00CA0182 /* Main.storyboard */ = {
			isa = PBXVariantGroup;
			children = (
				82BA3FC8287AF9DB00CA0182 /* Base */,
			);
			name = Main.storyboard;
			sourceTree = "<group>";
		};
		82BA3FCC287AF9DC00CA0182 /* LaunchScreen.storyboard */ = {
			isa = PBXVariantGroup;
			children = (
				82BA3FCD287AF9DC00CA0182 /* Base */,
			);
			name = LaunchScreen.storyboard;
			sourceTree = "<group>";
		};
/* End PBXVariantGroup section */

/* Begin XCBuildConfiguration section */
		82BA3FE6287AF9DC00CA0182 /* Debug */ = {
			isa = XCBuildConfiguration;
			buildSettings = {
				ALWAYS_SEARCH_USER_PATHS = NO;
				CLANG_ANALYZER_NONNULL = YES;
				CLANG_ANALYZER_NUMBER_OBJECT_CONVERSION = YES_AGGRESSIVE;
				CLANG_CXX_LANGUAGE_STANDARD = "gnu++17";
				CLANG_ENABLE_MODULES = YES;
				CLANG_ENABLE_OBJC_ARC = YES;
				CLANG_ENABLE_OBJC_WEAK = YES;
				CLANG_WARN_BLOCK_CAPTURE_AUTORELEASING = YES;
				CLANG_WARN_BOOL_CONVERSION = YES;
				CLANG_WARN_COMMA = YES;
				CLANG_WARN_CONSTANT_CONVERSION = YES;
				CLANG_WARN_DEPRECATED_OBJC_IMPLEMENTATIONS = YES;
				CLANG_WARN_DIRECT_OBJC_ISA_USAGE = YES_ERROR;
				CLANG_WARN_DOCUMENTATION_COMMENTS = YES;
				CLANG_WARN_EMPTY_BODY = YES;
				CLANG_WARN_ENUM_CONVERSION = YES;
				CLANG_WARN_INFINITE_RECURSION = YES;
				CLANG_WARN_INT_CONVERSION = YES;
				CLANG_WARN_NON_LITERAL_NULL_CONVERSION = YES;
				CLANG_WARN_OBJC_IMPLICIT_RETAIN_SELF = YES;
				CLANG_WARN_OBJC_LITERAL_CONVERSION = YES;
				CLANG_WARN_OBJC_ROOT_CLASS = YES_ERROR;
				CLANG_WARN_QUOTED_INCLUDE_IN_FRAMEWORK_HEADER = YES;
				CLANG_WARN_RANGE_LOOP_ANALYSIS = YES;
				CLANG_WARN_STRICT_PROTOTYPES = YES;
				CLANG_WARN_SUSPICIOUS_MOVE = YES;
				CLANG_WARN_UNGUARDED_AVAILABILITY = YES_AGGRESSIVE;
				CLANG_WARN_UNREACHABLE_CODE = YES;
				CLANG_WARN__DUPLICATE_METHOD_MATCH = YES;
				COPY_PHASE_STRIP = NO;
				DEBUG_INFORMATION_FORMAT = dwarf;
				ENABLE_STRICT_OBJC_MSGSEND = YES;
				ENABLE_TESTABILITY = YES;
				GCC_C_LANGUAGE_STANDARD = gnu11;
				GCC_DYNAMIC_NO_PIC = NO;
				GCC_NO_COMMON_BLOCKS = YES;
				GCC_OPTIMIZATION_LEVEL = 0;
				GCC_PREPROCESSOR_DEFINITIONS = (
					"DEBUG=1",
					"$(inherited)",
				);
				GCC_WARN_64_TO_32_BIT_CONVERSION = YES;
				GCC_WARN_ABOUT_RETURN_TYPE = YES_ERROR;
				GCC_WARN_UNDECLARED_SELECTOR = YES;
				GCC_WARN_UNINITIALIZED_AUTOS = YES_AGGRESSIVE;
				GCC_WARN_UNUSED_FUNCTION = YES;
				GCC_WARN_UNUSED_VARIABLE = YES;
				IPHONEOS_DEPLOYMENT_TARGET = 15.4;
				MTL_ENABLE_DEBUG_INFO = INCLUDE_SOURCE;
				MTL_FAST_MATH = YES;
				ONLY_ACTIVE_ARCH = YES;
				SDKROOT = iphoneos;
				SWIFT_ACTIVE_COMPILATION_CONDITIONS = DEBUG;
				SWIFT_OPTIMIZATION_LEVEL = "-Onone";
			};
			name = Debug;
		};
		82BA3FE7287AF9DC00CA0182 /* Release */ = {
			isa = XCBuildConfiguration;
			buildSettings = {
				ALWAYS_SEARCH_USER_PATHS = NO;
				CLANG_ANALYZER_NONNULL = YES;
				CLANG_ANALYZER_NUMBER_OBJECT_CONVERSION = YES_AGGRESSIVE;
				CLANG_CXX_LANGUAGE_STANDARD = "gnu++17";
				CLANG_ENABLE_MODULES = YES;
				CLANG_ENABLE_OBJC_ARC = YES;
				CLANG_ENABLE_OBJC_WEAK = YES;
				CLANG_WARN_BLOCK_CAPTURE_AUTORELEASING = YES;
				CLANG_WARN_BOOL_CONVERSION = YES;
				CLANG_WARN_COMMA = YES;
				CLANG_WARN_CONSTANT_CONVERSION = YES;
				CLANG_WARN_DEPRECATED_OBJC_IMPLEMENTATIONS = YES;
				CLANG_WARN_DIRECT_OBJC_ISA_USAGE = YES_ERROR;
				CLANG_WARN_DOCUMENTATION_COMMENTS = YES;
				CLANG_WARN_EMPTY_BODY = YES;
				CLANG_WARN_ENUM_CONVERSION = YES;
				CLANG_WARN_INFINITE_RECURSION = YES;
				CLANG_WARN_INT_CONVERSION = YES;
				CLANG_WARN_NON_LITERAL_NULL_CONVERSION = YES;
				CLANG_WARN_OBJC_IMPLICIT_RETAIN_SELF = YES;
				CLANG_WARN_OBJC_LITERAL_CONVERSION = YES;
				CLANG_WARN_OBJC_ROOT_CLASS = YES_ERROR;
				CLANG_WARN_QUOTED_INCLUDE_IN_FRAMEWORK_HEADER = YES;
				CLANG_WARN_RANGE_LOOP_ANALYSIS = YES;
				CLANG_WARN_STRICT_PROTOTYPES = YES;
				CLANG_WARN_SUSPICIOUS_MOVE = YES;
				CLANG_WARN_UNGUARDED_AVAILABILITY = YES_AGGRESSIVE;
				CLANG_WARN_UNREACHABLE_CODE = YES;
				CLANG_WARN__DUPLICATE_METHOD_MATCH = YES;
				COPY_PHASE_STRIP = NO;
				DEBUG_INFORMATION_FORMAT = "dwarf-with-dsym";
				ENABLE_NS_ASSERTIONS = NO;
				ENABLE_STRICT_OBJC_MSGSEND = YES;
				GCC_C_LANGUAGE_STANDARD = gnu11;
				GCC_NO_COMMON_BLOCKS = YES;
				GCC_WARN_64_TO_32_BIT_CONVERSION = YES;
				GCC_WARN_ABOUT_RETURN_TYPE = YES_ERROR;
				GCC_WARN_UNDECLARED_SELECTOR = YES;
				GCC_WARN_UNINITIALIZED_AUTOS = YES_AGGRESSIVE;
				GCC_WARN_UNUSED_FUNCTION = YES;
				GCC_WARN_UNUSED_VARIABLE = YES;
				IPHONEOS_DEPLOYMENT_TARGET = 15.4;
				MTL_ENABLE_DEBUG_INFO = NO;
				MTL_FAST_MATH = YES;
				SDKROOT = iphoneos;
				SWIFT_COMPILATION_MODE = wholemodule;
				SWIFT_OPTIMIZATION_LEVEL = "-O";
				VALIDATE_PRODUCT = YES;
			};
			name = Release;
		};
		82BA3FE9287AF9DC00CA0182 /* Debug */ = {
			isa = XCBuildConfiguration;
			baseConfigurationReference = 9B1CC764F6E13546A5378731 /* Pods-SignupForm.debug.xcconfig */;
			buildSettings = {
				ASSETCATALOG_COMPILER_APPICON_NAME = AppIcon;
				ASSETCATALOG_COMPILER_GLOBAL_ACCENT_COLOR_NAME = AccentColor;
				CODE_SIGN_STYLE = Automatic;
				CURRENT_PROJECT_VERSION = 1;
				DEVELOPMENT_TEAM = JX6SJ93FPN;
				GENERATE_INFOPLIST_FILE = YES;
				INFOPLIST_FILE = SignupForm/Info.plist;
				INFOPLIST_KEY_UIApplicationSupportsIndirectInputEvents = YES;
				INFOPLIST_KEY_UILaunchStoryboardName = LaunchScreen;
				INFOPLIST_KEY_UIMainStoryboardFile = Main;
				INFOPLIST_KEY_UISupportedInterfaceOrientations_iPad = "UIInterfaceOrientationPortrait UIInterfaceOrientationPortraitUpsideDown UIInterfaceOrientationLandscapeLeft UIInterfaceOrientationLandscapeRight";
				INFOPLIST_KEY_UISupportedInterfaceOrientations_iPhone = "UIInterfaceOrientationPortrait UIInterfaceOrientationLandscapeLeft UIInterfaceOrientationLandscapeRight";
				LD_RUNPATH_SEARCH_PATHS = (
					"$(inherited)",
					"@executable_path/Frameworks",
				);
				MARKETING_VERSION = 1.0;
				PRODUCT_BUNDLE_IDENTIFIER = Mohsen.SignupForm;
				PRODUCT_NAME = "$(TARGET_NAME)";
				SWIFT_EMIT_LOC_STRINGS = YES;
				SWIFT_VERSION = 5.0;
				TARGETED_DEVICE_FAMILY = "1,2";
			};
			name = Debug;
		};
		82BA3FEA287AF9DC00CA0182 /* Release */ = {
			isa = XCBuildConfiguration;
			baseConfigurationReference = 4E8C5B005E398BE75229AF88 /* Pods-SignupForm.release.xcconfig */;
			buildSettings = {
				ASSETCATALOG_COMPILER_APPICON_NAME = AppIcon;
				ASSETCATALOG_COMPILER_GLOBAL_ACCENT_COLOR_NAME = AccentColor;
				CODE_SIGN_STYLE = Automatic;
				CURRENT_PROJECT_VERSION = 1;
				DEVELOPMENT_TEAM = JX6SJ93FPN;
				GENERATE_INFOPLIST_FILE = YES;
				INFOPLIST_FILE = SignupForm/Info.plist;
				INFOPLIST_KEY_UIApplicationSupportsIndirectInputEvents = YES;
				INFOPLIST_KEY_UILaunchStoryboardName = LaunchScreen;
				INFOPLIST_KEY_UIMainStoryboardFile = Main;
				INFOPLIST_KEY_UISupportedInterfaceOrientations_iPad = "UIInterfaceOrientationPortrait UIInterfaceOrientationPortraitUpsideDown UIInterfaceOrientationLandscapeLeft UIInterfaceOrientationLandscapeRight";
				INFOPLIST_KEY_UISupportedInterfaceOrientations_iPhone = "UIInterfaceOrientationPortrait UIInterfaceOrientationLandscapeLeft UIInterfaceOrientationLandscapeRight";
				LD_RUNPATH_SEARCH_PATHS = (
					"$(inherited)",
					"@executable_path/Frameworks",
				);
				MARKETING_VERSION = 1.0;
				PRODUCT_BUNDLE_IDENTIFIER = Mohsen.SignupForm;
				PRODUCT_NAME = "$(TARGET_NAME)";
				SWIFT_EMIT_LOC_STRINGS = YES;
				SWIFT_VERSION = 5.0;
				TARGETED_DEVICE_FAMILY = "1,2";
			};
			name = Release;
		};
		82BA3FEC287AF9DC00CA0182 /* Debug */ = {
			isa = XCBuildConfiguration;
			baseConfigurationReference = DB873FD0161DBADCCD4ADAB7 /* Pods-SignupFormTests.debug.xcconfig */;
			buildSettings = {
				ALWAYS_EMBED_SWIFT_STANDARD_LIBRARIES = YES;
				BUNDLE_LOADER = "$(TEST_HOST)";
				CODE_SIGN_STYLE = Automatic;
				CURRENT_PROJECT_VERSION = 1;
				DEVELOPMENT_TEAM = JX6SJ93FPN;
				GENERATE_INFOPLIST_FILE = YES;
				IPHONEOS_DEPLOYMENT_TARGET = 15.4;
				MARKETING_VERSION = 1.0;
				PRODUCT_BUNDLE_IDENTIFIER = Mohsen.SignupFormTests;
				PRODUCT_NAME = "$(TARGET_NAME)";
				SWIFT_EMIT_LOC_STRINGS = NO;
				SWIFT_VERSION = 5.0;
				TARGETED_DEVICE_FAMILY = "1,2";
				TEST_HOST = "$(BUILT_PRODUCTS_DIR)/SignupForm.app/SignupForm";
			};
			name = Debug;
		};
		82BA3FED287AF9DC00CA0182 /* Release */ = {
			isa = XCBuildConfiguration;
			baseConfigurationReference = 2AD3E24D44D3EE6AEA6C94C6 /* Pods-SignupFormTests.release.xcconfig */;
			buildSettings = {
				ALWAYS_EMBED_SWIFT_STANDARD_LIBRARIES = YES;
				BUNDLE_LOADER = "$(TEST_HOST)";
				CODE_SIGN_STYLE = Automatic;
				CURRENT_PROJECT_VERSION = 1;
				DEVELOPMENT_TEAM = JX6SJ93FPN;
				GENERATE_INFOPLIST_FILE = YES;
				IPHONEOS_DEPLOYMENT_TARGET = 15.4;
				MARKETING_VERSION = 1.0;
				PRODUCT_BUNDLE_IDENTIFIER = Mohsen.SignupFormTests;
				PRODUCT_NAME = "$(TARGET_NAME)";
				SWIFT_EMIT_LOC_STRINGS = NO;
				SWIFT_VERSION = 5.0;
				TARGETED_DEVICE_FAMILY = "1,2";
				TEST_HOST = "$(BUILT_PRODUCTS_DIR)/SignupForm.app/SignupForm";
			};
			name = Release;
		};
		82BA3FEF287AF9DC00CA0182 /* Debug */ = {
			isa = XCBuildConfiguration;
			baseConfigurationReference = 733EFAEC9679B5DADFDB5D9B /* Pods-SignupForm-SignupFormUITests.debug.xcconfig */;
			buildSettings = {
				ALWAYS_EMBED_SWIFT_STANDARD_LIBRARIES = YES;
				CODE_SIGN_STYLE = Automatic;
				CURRENT_PROJECT_VERSION = 1;
				DEVELOPMENT_TEAM = JX6SJ93FPN;
				GENERATE_INFOPLIST_FILE = YES;
				MARKETING_VERSION = 1.0;
				PRODUCT_BUNDLE_IDENTIFIER = Mohsen.SignupFormUITests;
				PRODUCT_NAME = "$(TARGET_NAME)";
				SWIFT_EMIT_LOC_STRINGS = NO;
				SWIFT_VERSION = 5.0;
				TARGETED_DEVICE_FAMILY = "1,2";
				TEST_TARGET_NAME = SignupForm;
			};
			name = Debug;
		};
		82BA3FF0287AF9DC00CA0182 /* Release */ = {
			isa = XCBuildConfiguration;
			baseConfigurationReference = A9D1C96FCD7E5EE0FA2303EB /* Pods-SignupForm-SignupFormUITests.release.xcconfig */;
			buildSettings = {
				ALWAYS_EMBED_SWIFT_STANDARD_LIBRARIES = YES;
				CODE_SIGN_STYLE = Automatic;
				CURRENT_PROJECT_VERSION = 1;
				DEVELOPMENT_TEAM = JX6SJ93FPN;
				GENERATE_INFOPLIST_FILE = YES;
				MARKETING_VERSION = 1.0;
				PRODUCT_BUNDLE_IDENTIFIER = Mohsen.SignupFormUITests;
				PRODUCT_NAME = "$(TARGET_NAME)";
				SWIFT_EMIT_LOC_STRINGS = NO;
				SWIFT_VERSION = 5.0;
				TARGETED_DEVICE_FAMILY = "1,2";
				TEST_TARGET_NAME = SignupForm;
			};
			name = Release;
		};
/* End XCBuildConfiguration section */

/* Begin XCConfigurationList section */
		82BA3FB9287AF9DB00CA0182 /* Build configuration list for PBXProject "SignupForm" */ = {
			isa = XCConfigurationList;
			buildConfigurations = (
				82BA3FE6287AF9DC00CA0182 /* Debug */,
				82BA3FE7287AF9DC00CA0182 /* Release */,
			);
			defaultConfigurationIsVisible = 0;
			defaultConfigurationName = Release;
		};
		82BA3FE8287AF9DC00CA0182 /* Build configuration list for PBXNativeTarget "SignupForm" */ = {
			isa = XCConfigurationList;
			buildConfigurations = (
				82BA3FE9287AF9DC00CA0182 /* Debug */,
				82BA3FEA287AF9DC00CA0182 /* Release */,
			);
			defaultConfigurationIsVisible = 0;
			defaultConfigurationName = Release;
		};
		82BA3FEB287AF9DC00CA0182 /* Build configuration list for PBXNativeTarget "SignupFormTests" */ = {
			isa = XCConfigurationList;
			buildConfigurations = (
				82BA3FEC287AF9DC00CA0182 /* Debug */,
				82BA3FED287AF9DC00CA0182 /* Release */,
			);
			defaultConfigurationIsVisible = 0;
			defaultConfigurationName = Release;
		};
		82BA3FEE287AF9DC00CA0182 /* Build configuration list for PBXNativeTarget "SignupFormUITests" */ = {
			isa = XCConfigurationList;
			buildConfigurations = (
				82BA3FEF287AF9DC00CA0182 /* Debug */,
				82BA3FF0287AF9DC00CA0182 /* Release */,
			);
			defaultConfigurationIsVisible = 0;
			defaultConfigurationName = Release;
		};
/* End XCConfigurationList section */
	};
	rootObject = 82BA3FB6287AF9DB00CA0182 /* Project object */;
}
